
Microsoft Visual Studio Solution File, Format Version 12.00
# Visual Studio Version 17
VisualStudioVersion = 17.3.32922.545
MinimumVisualStudioVersion = 10.0.40219.1
Project("{FAE04EC0-301F-11D3-BF4B-00C04F79EFBC}") = "ClassMetotDemo", "ClassMetotDemo\ClassMetotDemo.csproj", "{6CEC665D-14A7-4826-AF26-D5049B4A75C7}"
EndProject
Global
	GlobalSection(SolutionConfigurationPlatforms) = preSolution
		Debug|Any CPU = Debug|Any CPU
		Release|Any CPU = Release|Any CPU
	EndGlobalSection
	GlobalSection(ProjectConfigurationPlatforms) = postSolution
		{6CEC665D-14A7-4826-AF26-D5049B4A75C7}.Debug|Any CPU.ActiveCfg = Debug|Any CPU
		{6CEC665D-14A7-4826-AF26-D5049B4A75C7}.Debug|Any CPU.Build.0 = Debug|Any CPU
		{6CEC665D-14A7-4826-AF26-D5049B4A75C7}.Release|Any CPU.ActiveCfg = Release|Any CPU
		{6CEC665D-14A7-4826-AF26-D5049B4A75C7}.Release|Any CPU.Build.0 = Release|Any CPU
	EndGlobalSection
	GlobalSection(SolutionProperties) = preSolution
		HideSolutionNode = FALSE
	EndGlobalSection
	GlobalSection(ExtensibilityGlobals) = postSolution
		SolutionGuid = {3554A072-9752-4C32-90DE-7249E16BA76A}
	EndGlobalSection
EndGlobal
